# THIS IS AN AUTOGENERATED FILE. DO NOT EDIT THIS FILE DIRECTLY.
# yarn lockfile v1


"@suimenkathemove/tsconfig@^0.1.11":
  version "0.1.11"
  resolved "https://registry.yarnpkg.com/@suimenkathemove/tsconfig/-/tsconfig-0.1.11.tgz#690e485afddfe9f606f32e2ad30b535d925ea9c9"
  integrity sha512-bLUUlYyealShN69siSPv0YFPCa+ZvZHfiZepUCx03dkgtcc2hht+eQD7iX1THDuCEOjENwl3roXiYtyYyNht7Q==
