# THIS IS AN AUTOGENERATED FILE. DO NOT EDIT THIS FILE DIRECTLY.
# yarn lockfile v1


"@suimenkathemove/tsconfig@^0.1.9":
  version "0.1.9"
  resolved "https://registry.yarnpkg.com/@suimenkathemove/tsconfig/-/tsconfig-0.1.9.tgz#efd4189b67ca345b9cef48cb57c279230070c587"
  integrity sha512-6uUAJV5fkp6ffumHbWZ1DgojGv+gBLn/WIV9EjhF/vFs0ahG0Nb5EgA7zIht49MEcE5iirDUlsOmXRCv8psFaQ==
